{
  "name": "@tolgee/ngx",
  "version": "4.2.1",
  "lockfileVersion": 2,
  "requires": true,
  "packages": {
    "": {
      "name": "@tolgee/ngx",
      "version": "3.6.0",
      "dependencies": {
        "@tolgee/core": "^3.6.0"
      }
    },
    "node_modules/@tolgee/core": {
      "version": "3.6.0",
      "resolved": "https://registry.npmjs.org/@tolgee/core/-/core-3.6.0.tgz",
      "integrity": "sha512-FdM1cvlbYy4pY/q+dMx8PGdPjNuzBcdMAY1rNpglAsidUbeMzMG2Wq4e5EFOgj7VFDxIcIanztFargB7jUpqig=="
    }
  },
  "dependencies": {
    "@tolgee/core": {
      "version": "3.6.0",
      "resolved": "https://registry.npmjs.org/@tolgee/core/-/core-3.6.0.tgz",
      "integrity": "sha512-FdM1cvlbYy4pY/q+dMx8PGdPjNuzBcdMAY1rNpglAsidUbeMzMG2Wq4e5EFOgj7VFDxIcIanztFargB7jUpqig=="
    }
  }
}
